Microsoft Visual Studio Solution File, Format Version 12.00
# Visual Studio Version 17
VisualStudioVersion = 17.0.31903.59
MinimumVisualStudioVersion = 10.0.40219.1
Project("{FAE04EC0-301F-11D3-BF4B-00C04F79EFBC}") = "TaskManagement.Api", "TaskManagement.Api\TaskManagement.Api.csproj", "{A4B58C5E-0A54-4F2D-8C4D-4C4A6D0B1E21}"
EndProject
Project("{FAE04EC0-301F-11D3-BF4B-00C04F79EFBC}") = "TaskManagement.Tests", "TaskManagement.Tests\TaskManagement.Tests.csproj", "{E9F8A3B5-5F3C-4B68-9C4D-8F6B7B4A2D11}"
EndProject
Global
	GlobalSection(SolutionConfigurationPlatforms) = preSolution
		Debug|Any CPU = Debug|Any CPU
		Release|Any CPU = Release|Any CPU
	EndGlobalSection
	GlobalSection(ProjectConfigurationPlatforms) = postSolution
		{A4B58C5E-0A54-4F2D-8C4D-4C4A6D0B1E21}.Debug|Any CPU.ActiveCfg = Debug|Any CPU
		{A4B58C5E-0A54-4F2D-8C4D-4C4A6D0B1E21}.Debug|Any CPU.Build.0 = Debug|Any CPU
		{A4B58C5E-0A54-4F2D-8C4D-4C4A6D0B1E21}.Release|Any CPU.ActiveCfg = Release|Any CPU
		{A4B58C5E-0A54-4F2D-8C4D-4C4A6D0B1E21}.Release|Any CPU.Build.0 = Release|Any CPU
		{E9F8A3B5-5F3C-4B68-9C4D-8F6B7B4A2D11}.Debug|Any CPU.ActiveCfg = Debug|Any CPU
		{E9F8A3B5-5F3C-4B68-9C4D-8F6B7B4A2D11}.Debug|Any CPU.Build.0 = Debug|Any CPU
		{E9F8A3B5-5F3C-4B68-9C4D-8F6B7B4A2D11}.Release|Any CPU.ActiveCfg = Release|Any CPU
		{E9F8A3B5-5F3C-4B68-9C4D-8F6B7B4A2D11}.Release|Any CPU.Build.0 = Release|Any CPU
		{E9F8A3B5-5F3C-4B68-9C4D-4C4A6D0B1E21}.Release|Any CPU.Build.0 = Release|Any CPU
	EndGlobalSection
EndGlobal
